// !$*UTF8*$!
{
	archiveVersion = 1;
	classes = {
	};
	objectVersion = 46;
	objects = {

/* Begin PBXBuildFile section */
		6C7699EB1CD21BF700D89E93 /* main.c in Sources */ = {isa = PBXBuildFile; fileRef = 6C7699EA1CD21BF700D89E93 /* main.c */; };
		6C7699ED1CD21BF700D89E93 /* GetMetadataForFile.m in Sources */ = {isa = PBXBuildFile; fileRef = 6C7699EC1CD21BF700D89E93 /* GetMetadataForFile.m */; };
		6CF4F6741CD73EC600777DED /* Importer.m in Sources */ = {isa = PBXBuildFile; fileRef = 6CF4F6731CD73EC600777DED /* Importer.m */; };
/* End PBXBuildFile section */

/* Begin PBXFileReference section */
		6C7699E61CD21BF700D89E93 /* Playground.mdimporter */ = {isa = PBXFileReference; explicitFileType = "wrapper.spotlight-importer"; includeInIndex = 0; path = Playground.mdimporter; sourceTree = BUILT_PRODUCTS_DIR; };
		6C7699EA1CD21BF700D89E93 /* main.c */ = {isa = PBXFileReference; lastKnownFileType = sourcecode.c.c; path = main.c; sourceTree = "<group>"; };
		6C7699EC1CD21BF700D89E93 /* GetMetadataForFile.m */ = {isa = PBXFileReference; lastKnownFileType = sourcecode.c.objc; path = GetMetadataForFile.m; sourceTree = "<group>"; };
		6C7699F21CD21BF700D89E93 /* Info.plist */ = {isa = PBXFileReference; lastKnownFileType = text.plist.xml; path = Info.plist; sourceTree = "<group>"; };
		6CF4F6721CD73EC600777DED /* Importer.h */ = {isa = PBXFileReference; fileEncoding = 4; lastKnownFileType = sourcecode.c.h; path = Importer.h; sourceTree = "<group>"; };
		6CF4F6731CD73EC600777DED /* Importer.m */ = {isa = PBXFileReference; fileEncoding = 4; lastKnownFileType = sourcecode.c.objc; path = Importer.m; sourceTree = "<group>"; };
/* End PBXFileReference section */

/* Begin PBXFrameworksBuildPhase section */
		6C7699E31CD21BF700D89E93 /* Frameworks */ = {
			isa = PBXFrameworksBuildPhase;
			buildActionMask = 2147483647;
			files = (
			);
			runOnlyForDeploymentPostprocessing = 0;
		};
/* End PBXFrameworksBuildPhase section */

/* Begin PBXGroup section */
		6C7699DD1CD21BF700D89E93 = {
			isa = PBXGroup;
			children = (
				6C7699E81CD21BF700D89E93 /* PlaygroundMDImporter */,
				6C7699E71CD21BF700D89E93 /* Products */,
			);
			sourceTree = "<group>";
		};
		6C7699E71CD21BF700D89E93 /* Products */ = {
			isa = PBXGroup;
			children = (
				6C7699E61CD21BF700D89E93 /* Playground.mdimporter */,
			);
			name = Products;
			sourceTree = "<group>";
		};
		6C7699E81CD21BF700D89E93 /* PlaygroundMDImporter */ = {
			isa = PBXGroup;
			children = (
				6C7699EC1CD21BF700D89E93 /* GetMetadataForFile.m */,
				6CF4F6721CD73EC600777DED /* Importer.h */,
				6CF4F6731CD73EC600777DED /* Importer.m */,
				6C7699F21CD21BF700D89E93 /* Info.plist */,
				6C7699E91CD21BF700D89E93 /* Supporting Files */,
			);
			path = PlaygroundMDImporter;
			sourceTree = "<group>";
		};
		6C7699E91CD21BF700D89E93 /* Supporting Files */ = {
			isa = PBXGroup;
			children = (
				6C7699EA1CD21BF700D89E93 /* main.c */,
			);
			name = "Supporting Files";
			sourceTree = "<group>";
		};
/* End PBXGroup section */

/* Begin PBXNativeTarget section */
		6C7699E51CD21BF700D89E93 /* PlaygroundMDImporter */ = {
			isa = PBXNativeTarget;
			buildConfigurationList = 6C7699F51CD21BF700D89E93 /* Build configuration list for PBXNativeTarget "PlaygroundMDImporter" */;
			buildPhases = (
				6C7699E21CD21BF700D89E93 /* Sources */,
				6C7699E31CD21BF700D89E93 /* Frameworks */,
				6C7699E41CD21BF700D89E93 /* Resources */,
			);
			buildRules = (
			);
			dependencies = (
			);
			name = PlaygroundMDImporter;
			productName = PlaygroundMDImporter;
			productReference = 6C7699E61CD21BF700D89E93 /* Playground.mdimporter */;
			productType = "com.apple.product-type.spotlight-importer";
		};
/* End PBXNativeTarget section */

/* Begin PBXProject section */
		6C7699DE1CD21BF700D89E93 /* Project object */ = {
			isa = PBXProject;
			attributes = {
				LastUpgradeCheck = 0730;
				ORGANIZATIONNAME = "Norio Nomura";
				TargetAttributes = {
					6C7699E51CD21BF700D89E93 = {
						CreatedOnToolsVersion = 7.3.1;
					};
				};
			};
			buildConfigurationList = 6C7699E11CD21BF700D89E93 /* Build configuration list for PBXProject "PlaygroundMDImporter" */;
			compatibilityVersion = "Xcode 3.2";
			developmentRegion = English;
			hasScannedForEncodings = 0;
			knownRegions = (
				en,
			);
			mainGroup = 6C7699DD1CD21BF700D89E93;
			productRefGroup = 6C7699E71CD21BF700D89E93 /* Products */;
			projectDirPath = "";
			projectRoot = "";
			targets = (
				6C7699E51CD21BF700D89E93 /* PlaygroundMDImporter */,
			);
		};
/* End PBXProject section */

/* Begin PBXResourcesBuildPhase section */
		6C7699E41CD21BF700D89E93 /* Resources */ = {
			isa = PBXResourcesBuildPhase;
			buildActionMask = 2147483647;
			files = (
			);
			runOnlyForDeploymentPostprocessing = 0;
		};
/* End PBXResourcesBuildPhase section */

/* Begin PBXSourcesBuildPhase section */
		6C7699E21CD21BF700D89E93 /* Sources */ = {
			isa = PBXSourcesBuildPhase;
			buildActionMask = 2147483647;
			files = (
				6C7699EB1CD21BF700D89E93 /* main.c in Sources */,
				6C7699ED1CD21BF700D89E93 /* GetMetadataForFile.m in Sources */,
				6CF4F6741CD73EC600777DED /* Importer.m in Sources */,
			);
			runOnlyForDeploymentPostprocessing = 0;
		};
/* End PBXSourcesBuildPhase section */

/* Begin XCBuildConfiguration section */
		6C7699F31CD21BF700D89E93 /* Debug */ = {
			isa = XCBuildConfiguration;
			buildSettings = {
				ALWAYS_SEARCH_USER_PATHS = NO;
				CLANG_ANALYZER_NONNULL = YES;
				CLANG_CXX_LANGUAGE_STANDARD = "gnu++0x";
				CLANG_CXX_LIBRARY = "libc++";
				CLANG_ENABLE_MODULES = YES;
				CLANG_ENABLE_OBJC_ARC = YES;
				CLANG_WARN_BOOL_CONVERSION = YES;
				CLANG_WARN_CONSTANT_CONVERSION = YES;
				CLANG_WARN_DIRECT_OBJC_ISA_USAGE = YES_ERROR;
				CLANG_WARN_EMPTY_BODY = YES;
				CLANG_WARN_ENUM_CONVERSION = YES;
				CLANG_WARN_INT_CONVERSION = YES;
				CLANG_WARN_OBJC_ROOT_CLASS = YES_ERROR;
				CLANG_WARN_UNREACHABLE_CODE = YES;
				CLANG_WARN__DUPLICATE_METHOD_MATCH = YES;
				CODE_SIGN_IDENTITY = "-";
				COPY_PHASE_STRIP = NO;
				DEBUG_INFORMATION_FORMAT = dwarf;
				ENABLE_STRICT_OBJC_MSGSEND = YES;
				ENABLE_TESTABILITY = YES;
				GCC_C_LANGUAGE_STANDARD = gnu99;
				GCC_DYNAMIC_NO_PIC = NO;
				GCC_NO_COMMON_BLOCKS = YES;
				GCC_OPTIMIZATION_LEVEL = 0;
				GCC_PREPROCESSOR_DEFINITIONS = (
					"DEBUG=1",
					"$(inherited)",
				);
				GCC_WARN_64_TO_32_BIT_CONVERSION = YES;
				GCC_WARN_ABOUT_RETURN_TYPE = YES_ERROR;
				GCC_WARN_UNDECLARED_SELECTOR = YES;
				GCC_WARN_UNINITIALIZED_AUTOS = YES_AGGRESSIVE;
				GCC_WARN_UNUSED_FUNCTION = YES;
				GCC_WARN_UNUSED_VARIABLE = YES;
				MACOSX_DEPLOYMENT_TARGET = 10.10;
				MTL_ENABLE_DEBUG_INFO = YES;
				ONLY_ACTIVE_ARCH = YES;
				SDKROOT = macosx;
			};
			name = Debug;
		};
		6C7699F41CD21BF700D89E93 /* Release */ = {
			isa = XCBuildConfiguration;
			buildSettings = {
				ALWAYS_SEARCH_USER_PATHS = NO;
				CLANG_ANALYZER_NONNULL = YES;
				CLANG_CXX_LANGUAGE_STANDARD = "gnu++0x";
				CLANG_CXX_LIBRARY = "libc++";
				CLANG_ENABLE_MODULES = YES;
				CLANG_ENABLE_OBJC_ARC = YES;
				CLANG_WARN_BOOL_CONVERSION = YES;
				CLANG_WARN_CONSTANT_CONVERSION = YES;
				CLANG_WARN_DIRECT_OBJC_ISA_USAGE = YES_ERROR;
				CLANG_WARN_EMPTY_BODY = YES;
				CLANG_WARN_ENUM_CONVERSION = YES;
				CLANG_WARN_INT_CONVERSION = YES;
				CLANG_WARN_OBJC_ROOT_CLASS = YES_ERROR;
				CLANG_WARN_UNREACHABLE_CODE = YES;
				CLANG_WARN__DUPLICATE_METHOD_MATCH = YES;
				CODE_SIGN_IDENTITY = "-";
				COPY_PHASE_STRIP = NO;
				DEBUG_INFORMATION_FORMAT = "dwarf-with-dsym";
				ENABLE_NS_ASSERTIONS = NO;
				ENABLE_STRICT_OBJC_MSGSEND = YES;
				GCC_C_LANGUAGE_STANDARD = gnu99;
				GCC_NO_COMMON_BLOCKS = YES;
				GCC_WARN_64_TO_32_BIT_CONVERSION = YES;
				GCC_WARN_ABOUT_RETURN_TYPE = YES_ERROR;
				GCC_WARN_UNDECLARED_SELECTOR = YES;
				GCC_WARN_UNINITIALIZED_AUTOS = YES_AGGRESSIVE;
				GCC_WARN_UNUSED_FUNCTION = YES;
				GCC_WARN_UNUSED_VARIABLE = YES;
				MACOSX_DEPLOYMENT_TARGET = 10.10;
				MTL_ENABLE_DEBUG_INFO = NO;
				SDKROOT = macosx;
			};
			name = Release;
		};
		6C7699F61CD21BF700D89E93 /* Debug */ = {
			isa = XCBuildConfiguration;
			buildSettings = {
				ALWAYS_SEARCH_USER_PATHS = YES;
				CLANG_ENABLE_MODULES = YES;
				CODE_SIGN_IDENTITY = "Developer ID Application";
				COMBINE_HIDPI_IMAGES = YES;
				DSTROOT = "$(HOME)";
				INFOPLIST_FILE = PlaygroundMDImporter/Info.plist;
				INSTALL_PATH = /Library/Spotlight;
				LD_RUNPATH_SEARCH_PATHS = "$(inherited) @loader_path/../Frameworks";
				LIBRARY_STYLE = BUNDLE;
				PRODUCT_BUNDLE_IDENTIFIER = "io.github.norio-nomura.PlaygroundMDImporter";
				PRODUCT_NAME = Playground;
				SWIFT_OPTIMIZATION_LEVEL = "-Onone";
				WRAPPER_EXTENSION = mdimporter;
			};
			name = Debug;
		};
		6C7699F71CD21BF700D89E93 /* Release */ = {
			isa = XCBuildConfiguration;
			buildSettings = {
				ALWAYS_SEARCH_USER_PATHS = YES;
				CLANG_ENABLE_MODULES = YES;
				CODE_SIGN_IDENTITY = "Developer ID Application";
				COMBINE_HIDPI_IMAGES = YES;
				DSTROOT = "$(HOME)";
				INFOPLIST_FILE = PlaygroundMDImporter/Info.plist;
				INSTALL_PATH = /Library/Spotlight;
				LD_RUNPATH_SEARCH_PATHS = "$(inherited) @loader_path/../Frameworks";
				LIBRARY_STYLE = BUNDLE;
				PRODUCT_BUNDLE_IDENTIFIER = "io.github.norio-nomura.PlaygroundMDImporter";
				PRODUCT_NAME = Playground;
				WRAPPER_EXTENSION = mdimporter;
			};
			name = Release;
		};
/* End XCBuildConfiguration section */

/* Begin XCConfigurationList section */
		6C7699E11CD21BF700D89E93 /* Build configuration list for PBXProject "PlaygroundMDImporter" */ = {
			isa = XCConfigurationList;
			buildConfigurations = (
				6C7699F31CD21BF700D89E93 /* Debug */,
				6C7699F41CD21BF700D89E93 /* Release */,
			);
			defaultConfigurationIsVisible = 0;
			defaultConfigurationName = Release;
		};
		6C7699F51CD21BF700D89E93 /* Build configuration list for PBXNativeTarget "PlaygroundMDImporter" */ = {
			isa = XCConfigurationList;
			buildConfigurations = (
				6C7699F61CD21BF700D89E93 /* Debug */,
				6C7699F71CD21BF700D89E93 /* Release */,
			);
			defaultConfigurationIsVisible = 0;
			defaultConfigurationName = Release;
		};
/* End XCConfigurationList section */
	};
	rootObject = 6C7699DE1CD21BF700D89E93 /* Project object */;
}
